{
  "version": 4,
  "terraform_version": "1.6.6",
  "serial": 6,
  "lineage": "8c30b39f-d07b-7a48-84ae-28a5143234b4",
  "outputs": {
    "external_ip_address_vm_1": {
      "value": "51.250.78.231",
      "type": "string"
    },
    "internal_ip_address_vm_1": {
      "value": "10.2.0.18",
      "type": "string"
    }
  },
  "resources": [
    {
      "mode": "managed",
      "type": "yandex_compute_instance",
      "name": "vm-1",
      "provider": "provider[\"registry.terraform.io/yandex-cloud/yandex\"]",
      "instances": [
        {
          "schema_version": 1,
          "attributes": {
            "allow_recreate": null,
            "allow_stopping_for_update": null,
            "boot_disk": [
              {
                "auto_delete": true,
                "device_name": "fhm4o83kdabanb79q5bv",
                "disk_id": "fhm4o83kdabanb79q5bv",
                "initialize_params": [
                  {
                    "block_size": 4096,
                    "description": "",
                    "image_id": "fd80bmc4panbqjamvuca",
                    "name": "",
                    "size": 10,
                    "snapshot_id": "",
                    "type": "network-hdd"
                  }
                ],
                "mode": "READ_WRITE"
              }
            ],
            "created_at": "2023-12-29T18:42:11Z",
            "description": "",
            "filesystem": [],
            "folder_id": "b1g6hvl3ph9qh6unbmbv",
            "fqdn": "fhmuhboq3i1mc6hgee4l.auto.internal",
            "gpu_cluster_id": "",
            "hostname": "",
            "id": "fhmuhboq3i1mc6hgee4l",
            "labels": {},
            "local_disk": [],
            "metadata": {
              "ssh-keys": "ubuntu:ssh-rsa AAAAB3NzaC1yc2EAAAADAQABAAACAQDABG/UymWBFIaoHcBp4udngVDpl+TVil/6z/j3pfBq419uInFBlG+ZYdSQKfDKWphkwc9o6cae8gZGy+sp/lXb3MqlTTADAvWDaDND46NP4Xav1k2tlsewexu4gQH8FGgtf/yWS/UUquv2WufWC79Ky6idEcDg2bwxn9pWUe883KK6BNfdFaat/xDwFQ3o9pAxUWqDutNvYAu9EosU9qP6HHx+2Igu4sqrBTPy/8hLBFM4vTI3BVkZkoq9kgxpyUY9XUv6eYa58q2cm2tqUIRd1bChQQJIEVZSDYJ5hnuBpXRBEV+CV9zrHlwuWJWYATLJDE+015pY/zbJBlSuU7PJ68MMe0U9zlTDFvSMyWdudZB+q4ussQVneZZgKya6viMkUruB994mkX+TMDfo68j0CPX3dMZ8TPOy70HWGuMEWLCbib3C/8YxXA34pkofsRSNeA+EfuKn0tx2UVliEINA/AA6UfkmFyGccHdIP4liC2QD3g7vOBYVx/a6g+Ra9/fwiWtdMapN5orNhqu/ueuD5VUG2ndY/U6pfPjQSsqwnPWe1Fyupd5c7RosK6QKd0EnYGZTWXO9GaRCHoUWBmXr6t1UxPiQXQbhg6ehFsNQp0JzuXxs1TBcJkQXLD1l1KvLb6aHWKd3uD963NgKn55v87dL+/KpRtcx+BdD6wji7w== evgen.nn.ru@rambler.ru\n"
            },
            "metadata_options": [
              {
                "aws_v1_http_endpoint": 1,
                "aws_v1_http_token": 2,
                "gce_http_endpoint": 1,
                "gce_http_token": 1
              }
            ],
            "name": "from-terraform-vm",
            "network_acceleration_type": "standard",
            "network_interface": [
              {
                "dns_record": [],
                "index": 0,
                "ip_address": "10.2.0.18",
                "ipv4": true,
                "ipv6": false,
                "ipv6_address": "",
                "ipv6_dns_record": [],
                "mac_address": "d0:0d:1e:8a:f1:a1",
                "nat": true,
                "nat_dns_record": [],
                "nat_ip_address": "51.250.78.231",
                "nat_ip_version": "IPV4",
                "security_group_ids": [],
                "subnet_id": "e9b1f4q5vsf0jeq4hf6l"
              }
            ],
            "placement_policy": [
              {
                "host_affinity_rules": [],
                "placement_group_id": ""
              }
            ],
            "platform_id": "standard-v1",
            "resources": [
              {
                "core_fraction": 100,
                "cores": 2,
                "gpus": 0,
                "memory": 2
              }
            ],
            "scheduling_policy": [
              {
                "preemptible": false
              }
            ],
            "secondary_disk": [],
            "service_account_id": "",
            "status": "running",
            "timeouts": null,
            "zone": "ru-central1-a"
          },
          "sensitive_attributes": [],
          "private": "eyJlMmJmYjczMC1lY2FhLTExZTYtOGY4OC0zNDM2M2JjN2M0YzAiOnsiY3JlYXRlIjozMDAwMDAwMDAwMDAsImRlbGV0ZSI6MzAwMDAwMDAwMDAwLCJ1cGRhdGUiOjMwMDAwMDAwMDAwMH0sInNjaGVtYV92ZXJzaW9uIjoiMSJ9",
          "dependencies": [
            "yandex_vpc_network.network-1",
            "yandex_vpc_subnet.subnet-1"
          ]
        }
      ]
    },
    {
      "mode": "managed",
      "type": "yandex_mdb_postgresql_cluster",
      "name": "postgres-1",
      "provider": "provider[\"registry.terraform.io/yandex-cloud/yandex\"]",
      "instances": [
        {
          "schema_version": 0,
          "attributes": {
            "config": [
              {
                "access": [
                  {
                    "data_lens": false,
                    "data_transfer": false,
                    "serverless": false,
                    "web_sql": false
                  }
                ],
                "autofailover": true,
                "backup_retain_period_days": 7,
                "backup_window_start": [
                  {
                    "hours": 0,
                    "minutes": 0
                  }
                ],
                "disk_size_autoscaling": [
                  {
                    "disk_size_limit": 0,
                    "emergency_usage_threshold": 0,
                    "planned_usage_threshold": 0
                  }
                ],
                "performance_diagnostics": [
                  {
                    "enabled": false,
                    "sessions_sampling_interval": 60,
                    "statements_sampling_interval": 600
                  }
                ],
                "pooler_config": [],
                "postgresql_config": {
                  "autovacuum_vacuum_scale_factor": "0.34",
                  "default_transaction_isolation": "TRANSACTION_ISOLATION_READ_COMMITTED",
                  "enable_parallel_hash": "true",
                  "max_connections": "395",
                  "shared_preload_libraries": "SHARED_PRELOAD_LIBRARIES_AUTO_EXPLAIN,SHARED_PRELOAD_LIBRARIES_PG_HINT_PLAN",
                  "vacuum_cleanup_index_scale_factor": "0.2"
                },
                "resources": [
                  {
                    "disk_size": 16,
                    "disk_type_id": "network-ssd",
                    "resource_preset_id": "s2.micro"
                  }
                ],
                "version": "12"
              }
            ],
            "created_at": "2023-12-29T19:29:22Z",
            "database": [
              {
                "extension": [],
                "lc_collate": "C",
                "lc_type": "C",
                "name": "postgres-1",
                "owner": "my-name",
                "template_db": ""
              }
            ],
            "deletion_protection": false,
            "description": "",
            "environment": "PRESTABLE",
            "folder_id": "b1g6hvl3ph9qh6unbmbv",
            "health": "HEALTH_UNKNOWN",
            "host": [
              {
                "assign_public_ip": false,
                "fqdn": "rc1a-05qk1vmbo6ywzw7j.mdb.yandexcloud.net",
                "name": "",
                "priority": 0,
                "replication_source": "",
                "replication_source_name": "",
                "role": "MASTER",
                "subnet_id": "e9b1f4q5vsf0jeq4hf6l",
                "zone": "ru-central1-a"
              }
            ],
            "host_group_ids": [],
            "host_master_name": "",
            "id": "c9q7mh5eeuhvgn03bees",
            "labels": {},
            "maintenance_window": [
              {
                "day": "",
                "hour": 0,
                "type": "ANYTIME"
              }
            ],
            "name": "postgres-1",
            "network_id": "enp1l90rk7fes7kb5ve5",
            "restore": [],
            "security_group_ids": [],
            "status": "RUNNING",
            "timeouts": null,
            "user": [
              {
                "conn_limit": 50,
                "grants": [],
                "login": true,
                "name": "my-name",
                "password": "Test1234",
                "permission": [
                  {
                    "database_name": "postgres-1"
                  }
                ],
                "settings": {
                  "default_transaction_isolation": "read committed",
                  "log_min_duration_statement": "5000"
                }
              }
            ]
          },
          "sensitive_attributes": [],
          "private": "eyJlMmJmYjczMC1lY2FhLTExZTYtOGY4OC0zNDM2M2JjN2M0YzAiOnsiY3JlYXRlIjoxODAwMDAwMDAwMDAwLCJkZWxldGUiOjkwMDAwMDAwMDAwMCwidXBkYXRlIjozNjAwMDAwMDAwMDAwfX0=",
          "dependencies": [
            "yandex_vpc_network.network-1",
            "yandex_vpc_subnet.subnet-1"
          ]
        }
      ]
    },
    {
      "mode": "managed",
      "type": "yandex_vpc_network",
      "name": "network-1",
      "provider": "provider[\"registry.terraform.io/yandex-cloud/yandex\"]",
      "instances": [
        {
          "schema_version": 0,
          "attributes": {
            "created_at": "2023-12-29T18:42:06Z",
            "default_security_group_id": "enpkpvrj7bv4m2qcaa3f",
            "description": "",
            "folder_id": "b1g6hvl3ph9qh6unbmbv",
            "id": "enp1l90rk7fes7kb5ve5",
            "labels": {},
            "name": "from-terraform-network",
            "subnet_ids": [
              "e9b1f4q5vsf0jeq4hf6l"
            ],
            "timeouts": null
          },
          "sensitive_attributes": [],
          "private": "eyJlMmJmYjczMC1lY2FhLTExZTYtOGY4OC0zNDM2M2JjN2M0YzAiOnsiY3JlYXRlIjo2MDAwMDAwMDAwMCwiZGVsZXRlIjo2MDAwMDAwMDAwMCwidXBkYXRlIjo2MDAwMDAwMDAwMH19"
        }
      ]
    },
    {
      "mode": "managed",
      "type": "yandex_vpc_subnet",
      "name": "subnet-1",
      "provider": "provider[\"registry.terraform.io/yandex-cloud/yandex\"]",
      "instances": [
        {
          "schema_version": 0,
          "attributes": {
            "created_at": "2023-12-29T18:42:09Z",
            "description": "",
            "dhcp_options": [],
            "folder_id": "b1g6hvl3ph9qh6unbmbv",
            "id": "e9b1f4q5vsf0jeq4hf6l",
            "labels": {},
            "name": "from-terraform-subnet",
            "network_id": "enp1l90rk7fes7kb5ve5",
            "route_table_id": "",
            "timeouts": null,
            "v4_cidr_blocks": [
              "10.2.0.0/16"
            ],
            "v6_cidr_blocks": [],
            "zone": "ru-central1-a"
          },
          "sensitive_attributes": [],
          "private": "eyJlMmJmYjczMC1lY2FhLTExZTYtOGY4OC0zNDM2M2JjN2M0YzAiOnsiY3JlYXRlIjoxODAwMDAwMDAwMDAsImRlbGV0ZSI6MTgwMDAwMDAwMDAwLCJ1cGRhdGUiOjE4MDAwMDAwMDAwMH19",
          "dependencies": [
            "yandex_vpc_network.network-1"
          ]
        }
      ]
    }
  ],
  "check_results": null
}
